
Microsoft Visual Studio Solution File, Format Version 12.00
# Visual Studio Version 17
VisualStudioVersion = 17.0.31903.59
MinimumVisualStudioVersion = 10.0.40219.1
Project("{FAE04EC0-301F-11D3-BF4B-00C04F79EFBC}") = "ShipmentService.API", "ShipmentService.API\ShipmentService.API.csproj", "{7DC21CF2-4F85-403A-AF6E-D5B129FB6830}"
EndProject
Project("{FAE04EC0-301F-11D3-BF4B-00C04F79EFBC}") = "ShipmentService.Application", "ShipmentService.Application\ShipmentService.Application.csproj", "{1DA1793D-D53A-4415-9B77-3926175490D4}"
EndProject
Project("{FAE04EC0-301F-11D3-BF4B-00C04F79EFBC}") = "ShipmentService.Infrastructure", "ShipmentService.Infrastructure\ShipmentService.Infrastructure.csproj", "{19514502-1E9A-459E-9287-004781BFED9E}"
EndProject
Project("{FAE04EC0-301F-11D3-BF4B-00C04F79EFBC}") = "ShipmentService.Domain", "ShipmentService.Domain\ShipmentService.Domain.csproj", "{28515FA3-1885-4BAB-9F9A-F3AC30EBE44A}"
EndProject
Global
	GlobalSection(SolutionConfigurationPlatforms) = preSolution
		Debug|Any CPU = Debug|Any CPU
		Debug|x64 = Debug|x64
		Debug|x86 = Debug|x86
		Release|Any CPU = Release|Any CPU
		Release|x64 = Release|x64
		Release|x86 = Release|x86
	EndGlobalSection
	GlobalSection(ProjectConfigurationPlatforms) = postSolution
		{7DC21CF2-4F85-403A-AF6E-D5B129FB6830}.Debug|Any CPU.ActiveCfg = Debug|Any CPU
		{7DC21CF2-4F85-403A-AF6E-D5B129FB6830}.Debug|Any CPU.Build.0 = Debug|Any CPU
		{7DC21CF2-4F85-403A-AF6E-D5B129FB6830}.Debug|x64.ActiveCfg = Debug|Any CPU
		{7DC21CF2-4F85-403A-AF6E-D5B129FB6830}.Debug|x64.Build.0 = Debug|Any CPU
		{7DC21CF2-4F85-403A-AF6E-D5B129FB6830}.Debug|x86.ActiveCfg = Debug|Any CPU
		{7DC21CF2-4F85-403A-AF6E-D5B129FB6830}.Debug|x86.Build.0 = Debug|Any CPU
		{7DC21CF2-4F85-403A-AF6E-D5B129FB6830}.Release|Any CPU.ActiveCfg = Release|Any CPU
		{7DC21CF2-4F85-403A-AF6E-D5B129FB6830}.Release|Any CPU.Build.0 = Release|Any CPU
		{7DC21CF2-4F85-403A-AF6E-D5B129FB6830}.Release|x64.ActiveCfg = Release|Any CPU
		{7DC21CF2-4F85-403A-AF6E-D5B129FB6830}.Release|x64.Build.0 = Release|Any CPU
		{7DC21CF2-4F85-403A-AF6E-D5B129FB6830}.Release|x86.ActiveCfg = Release|Any CPU
		{7DC21CF2-4F85-403A-AF6E-D5B129FB6830}.Release|x86.Build.0 = Release|Any CPU
		{1DA1793D-D53A-4415-9B77-3926175490D4}.Debug|Any CPU.ActiveCfg = Debug|Any CPU
		{1DA1793D-D53A-4415-9B77-3926175490D4}.Debug|Any CPU.Build.0 = Debug|Any CPU
		{1DA1793D-D53A-4415-9B77-3926175490D4}.Debug|x64.ActiveCfg = Debug|Any CPU
		{1DA1793D-D53A-4415-9B77-3926175490D4}.Debug|x64.Build.0 = Debug|Any CPU
		{1DA1793D-D53A-4415-9B77-3926175490D4}.Debug|x86.ActiveCfg = Debug|Any CPU
		{1DA1793D-D53A-4415-9B77-3926175490D4}.Debug|x86.Build.0 = Debug|Any CPU
		{1DA1793D-D53A-4415-9B77-3926175490D4}.Release|Any CPU.ActiveCfg = Release|Any CPU
		{1DA1793D-D53A-4415-9B77-3926175490D4}.Release|Any CPU.Build.0 = Release|Any CPU
		{1DA1793D-D53A-4415-9B77-3926175490D4}.Release|x64.ActiveCfg = Release|Any CPU
		{1DA1793D-D53A-4415-9B77-3926175490D4}.Release|x64.Build.0 = Release|Any CPU
		{1DA1793D-D53A-4415-9B77-3926175490D4}.Release|x86.ActiveCfg = Release|Any CPU
		{1DA1793D-D53A-4415-9B77-3926175490D4}.Release|x86.Build.0 = Release|Any CPU
		{19514502-1E9A-459E-9287-004781BFED9E}.Debug|Any CPU.ActiveCfg = Debug|Any CPU
		{19514502-1E9A-459E-9287-004781BFED9E}.Debug|Any CPU.Build.0 = Debug|Any CPU
		{19514502-1E9A-459E-9287-004781BFED9E}.Debug|x64.ActiveCfg = Debug|Any CPU
		{19514502-1E9A-459E-9287-004781BFED9E}.Debug|x64.Build.0 = Debug|Any CPU
		{19514502-1E9A-459E-9287-004781BFED9E}.Debug|x86.ActiveCfg = Debug|Any CPU
		{19514502-1E9A-459E-9287-004781BFED9E}.Debug|x86.Build.0 = Debug|Any CPU
		{19514502-1E9A-459E-9287-004781BFED9E}.Release|Any CPU.ActiveCfg = Release|Any CPU
		{19514502-1E9A-459E-9287-004781BFED9E}.Release|Any CPU.Build.0 = Release|Any CPU
		{19514502-1E9A-459E-9287-004781BFED9E}.Release|x64.ActiveCfg = Release|Any CPU
		{19514502-1E9A-459E-9287-004781BFED9E}.Release|x64.Build.0 = Release|Any CPU
		{19514502-1E9A-459E-9287-004781BFED9E}.Release|x86.ActiveCfg = Release|Any CPU
		{19514502-1E9A-459E-9287-004781BFED9E}.Release|x86.Build.0 = Release|Any CPU
		{28515FA3-1885-4BAB-9F9A-F3AC30EBE44A}.Debug|Any CPU.ActiveCfg = Debug|Any CPU
		{28515FA3-1885-4BAB-9F9A-F3AC30EBE44A}.Debug|Any CPU.Build.0 = Debug|Any CPU
		{28515FA3-1885-4BAB-9F9A-F3AC30EBE44A}.Debug|x64.ActiveCfg = Debug|Any CPU
		{28515FA3-1885-4BAB-9F9A-F3AC30EBE44A}.Debug|x64.Build.0 = Debug|Any CPU
		{28515FA3-1885-4BAB-9F9A-F3AC30EBE44A}.Debug|x86.ActiveCfg = Debug|Any CPU
		{28515FA3-1885-4BAB-9F9A-F3AC30EBE44A}.Debug|x86.Build.0 = Debug|Any CPU
		{28515FA3-1885-4BAB-9F9A-F3AC30EBE44A}.Release|Any CPU.ActiveCfg = Release|Any CPU
		{28515FA3-1885-4BAB-9F9A-F3AC30EBE44A}.Release|Any CPU.Build.0 = Release|Any CPU
		{28515FA3-1885-4BAB-9F9A-F3AC30EBE44A}.Release|x64.ActiveCfg = Release|Any CPU
		{28515FA3-1885-4BAB-9F9A-F3AC30EBE44A}.Release|x64.Build.0 = Release|Any CPU
		{28515FA3-1885-4BAB-9F9A-F3AC30EBE44A}.Release|x86.ActiveCfg = Release|Any CPU
		{28515FA3-1885-4BAB-9F9A-F3AC30EBE44A}.Release|x86.Build.0 = Release|Any CPU
	EndGlobalSection
	GlobalSection(SolutionProperties) = preSolution
		HideSolutionNode = FALSE
	EndGlobalSection
EndGlobal
